
Microsoft Visual Studio Solution File, Format Version 12.00
# Visual Studio Version 17
VisualStudioVersion = 17.4.33103.184
MinimumVisualStudioVersion = 10.0.40219.1
Project("{FAE04EC0-301F-11D3-BF4B-00C04F79EFBC}") = "WindowsFormsApp1", "WindowsFormsApp1\WindowsFormsApp1.csproj", "{BDB88EA0-6DD4-483E-A6CE-E29CCCE020F9}"
EndProject
Global
	GlobalSection(SolutionConfigurationPlatforms) = preSolution
		Debug|Any CPU = Debug|Any CPU
		Release|Any CPU = Release|Any CPU
	EndGlobalSection
	GlobalSection(ProjectConfigurationPlatforms) = postSolution
		{BDB88EA0-6DD4-483E-A6CE-E29CCCE020F9}.Debug|Any CPU.ActiveCfg = Debug|Any CPU
		{BDB88EA0-6DD4-483E-A6CE-E29CCCE020F9}.Debug|Any CPU.Build.0 = Debug|Any CPU
		{BDB88EA0-6DD4-483E-A6CE-E29CCCE020F9}.Release|Any CPU.ActiveCfg = Release|Any CPU
		{BDB88EA0-6DD4-483E-A6CE-E29CCCE020F9}.Release|Any CPU.Build.0 = Release|Any CPU
	EndGlobalSection
	GlobalSection(SolutionProperties) = preSolution
		HideSolutionNode = FALSE
	EndGlobalSection
	GlobalSection(ExtensibilityGlobals) = postSolution
		SolutionGuid = {FE5F60BA-7CE8-4DC9-BE1B-55F30FF3F0D5}
	EndGlobalSection
EndGlobal
